
Microsoft Visual Studio Solution File, Format Version 12.00
# Visual Studio 15
VisualStudioVersion = 15.0.26730.12
MinimumVisualStudioVersion = 10.0.40219.1
Project("{9A19103F-16F7-4668-BE54-9A1E7A4F7556}") = "QNA.IdentityServer", "QNA.IdentityServerWithAspNetIdentity\QNA.IdentityServer.csproj", "{13ED6812-A1B8-41DE-B70B-24951DA3BACC}"
EndProject
Project("{9A19103F-16F7-4668-BE54-9A1E7A4F7556}") = "MvcClient", "MvcClient\MvcClient.csproj", "{4AFC2484-06A3-4DC4-B93F-761F6D9F06B4}"
EndProject
Project("{9A19103F-16F7-4668-BE54-9A1E7A4F7556}") = "Api", "Api\Api.csproj", "{7C3E7747-8068-4FA3-AE86-D9D5789DFAB0}"
EndProject
Project("{2150E333-8FDC-42A3-9474-1A3956D46DE8}") = "Test Clients", "Test Clients", "{9F2933AE-BB57-4EDB-BA68-7425CA0199AA}"
EndProject
Global
	GlobalSection(SolutionConfigurationPlatforms) = preSolution
		Debug|Any CPU = Debug|Any CPU
		Release|Any CPU = Release|Any CPU
	EndGlobalSection
	GlobalSection(ProjectConfigurationPlatforms) = postSolution
		{13ED6812-A1B8-41DE-B70B-24951DA3BACC}.Debug|Any CPU.ActiveCfg = Debug|Any CPU
		{13ED6812-A1B8-41DE-B70B-24951DA3BACC}.Debug|Any CPU.Build.0 = Debug|Any CPU
		{13ED6812-A1B8-41DE-B70B-24951DA3BACC}.Release|Any CPU.ActiveCfg = Release|Any CPU
		{13ED6812-A1B8-41DE-B70B-24951DA3BACC}.Release|Any CPU.Build.0 = Release|Any CPU
		{4AFC2484-06A3-4DC4-B93F-761F6D9F06B4}.Debug|Any CPU.ActiveCfg = Debug|Any CPU
		{4AFC2484-06A3-4DC4-B93F-761F6D9F06B4}.Debug|Any CPU.Build.0 = Debug|Any CPU
		{4AFC2484-06A3-4DC4-B93F-761F6D9F06B4}.Release|Any CPU.ActiveCfg = Release|Any CPU
		{4AFC2484-06A3-4DC4-B93F-761F6D9F06B4}.Release|Any CPU.Build.0 = Release|Any CPU
		{7C3E7747-8068-4FA3-AE86-D9D5789DFAB0}.Debug|Any CPU.ActiveCfg = Debug|Any CPU
		{7C3E7747-8068-4FA3-AE86-D9D5789DFAB0}.Debug|Any CPU.Build.0 = Debug|Any CPU
		{7C3E7747-8068-4FA3-AE86-D9D5789DFAB0}.Release|Any CPU.ActiveCfg = Release|Any CPU
		{7C3E7747-8068-4FA3-AE86-D9D5789DFAB0}.Release|Any CPU.Build.0 = Release|Any CPU
	EndGlobalSection
	GlobalSection(SolutionProperties) = preSolution
		HideSolutionNode = FALSE
	EndGlobalSection
	GlobalSection(NestedProjects) = preSolution
		{4AFC2484-06A3-4DC4-B93F-761F6D9F06B4} = {9F2933AE-BB57-4EDB-BA68-7425CA0199AA}
		{7C3E7747-8068-4FA3-AE86-D9D5789DFAB0} = {9F2933AE-BB57-4EDB-BA68-7425CA0199AA}
	EndGlobalSection
	GlobalSection(ExtensibilityGlobals) = postSolution
		SolutionGuid = {071997EA-B02F-476B-B957-3303ADF764BB}
	EndGlobalSection
EndGlobal
